
Microsoft Visual Studio Solution File, Format Version 12.00
# Visual Studio 15
VisualStudioVersion = 15.0.27703.2000
MinimumVisualStudioVersion = 10.0.40219.1
Project("{FAE04EC0-301F-11D3-BF4B-00C04F79EFBC}") = "NUnitTearDownBug", "NUnitTearDownBug\NUnitTearDownBug.csproj", "{ECA238EA-AB2B-44B2-9906-D08965209488}"
EndProject
Project("{FAE04EC0-301F-11D3-BF4B-00C04F79EFBC}") = "NUnitTearDownBug.Test", "Tests\NUnitTearDownBug.Test\NUnitTearDownBug.Test.csproj", "{431D7C01-7259-4EB4-883A-D560690E0143}"
EndProject
Global
	GlobalSection(SolutionConfigurationPlatforms) = preSolution
		Debug|Any CPU = Debug|Any CPU
		Release|Any CPU = Release|Any CPU
	EndGlobalSection
	GlobalSection(ProjectConfigurationPlatforms) = postSolution
		{ECA238EA-AB2B-44B2-9906-D08965209488}.Debug|Any CPU.ActiveCfg = Debug|Any CPU
		{ECA238EA-AB2B-44B2-9906-D08965209488}.Debug|Any CPU.Build.0 = Debug|Any CPU
		{ECA238EA-AB2B-44B2-9906-D08965209488}.Release|Any CPU.ActiveCfg = Release|Any CPU
		{ECA238EA-AB2B-44B2-9906-D08965209488}.Release|Any CPU.Build.0 = Release|Any CPU
		{431D7C01-7259-4EB4-883A-D560690E0143}.Debug|Any CPU.ActiveCfg = Debug|Any CPU
		{431D7C01-7259-4EB4-883A-D560690E0143}.Debug|Any CPU.Build.0 = Debug|Any CPU
		{431D7C01-7259-4EB4-883A-D560690E0143}.Release|Any CPU.ActiveCfg = Release|Any CPU
		{431D7C01-7259-4EB4-883A-D560690E0143}.Release|Any CPU.Build.0 = Release|Any CPU
	EndGlobalSection
	GlobalSection(SolutionProperties) = preSolution
		HideSolutionNode = FALSE
	EndGlobalSection
	GlobalSection(ExtensibilityGlobals) = postSolution
		SolutionGuid = {284A4851-F13E-4801-8599-510AF4FFB0F3}
	EndGlobalSection
EndGlobal
